Microsoft Visual Studio Solution File, Format Version 12.00
# Visual Studio Version 17
VisualStudioVersion = 17.5.2.0
MinimumVisualStudioVersion = 10.0.40219.1
Project("{FAE04EC0-301F-11D3-BF4B-00C04F79EFBC}") = "ParcAuto.Web", "ParcAuto.Web.csproj", "{DB83C955-F219-AAB7-9E8E-5F7DFEECEC90}"
EndProject
Global
	GlobalSection(SolutionConfigurationPlatforms) = preSolution
		Debug|Any CPU = Debug|Any CPU
		Release|Any CPU = Release|Any CPU
	EndGlobalSection
	GlobalSection(ProjectConfigurationPlatforms) = postSolution
		{DB83C955-F219-AAB7-9E8E-5F7DFEECEC90}.Debug|Any CPU.ActiveCfg = Debug|Any CPU
		{DB83C955-F219-AAB7-9E8E-5F7DFEECEC90}.Debug|Any CPU.Build.0 = Debug|Any CPU
		{DB83C955-F219-AAB7-9E8E-5F7DFEECEC90}.Release|Any CPU.ActiveCfg = Release|Any CPU
		{DB83C955-F219-AAB7-9E8E-5F7DFEECEC90}.Release|Any CPU.Build.0 = Release|Any CPU
	EndGlobalSection
	GlobalSection(SolutionProperties) = preSolution
		HideSolutionNode = FALSE
	EndGlobalSection
	GlobalSection(ExtensibilityGlobals) = postSolution
		SolutionGuid = {44380ACD-368E-488A-B127-4F46AF4AB5CA}
	EndGlobalSection
EndGlobal
